
Microsoft Visual Studio Solution File, Format Version 12.00
# Visual Studio 15
VisualStudioVersion = 15.0.28307.329
MinimumVisualStudioVersion = 10.0.40219.1
Project("{F184B08F-C81C-45F6-A57F-5ABD9991F28F}") = "VBfinalProject_AdelSliman", "VBfinalProject_AdelSliman\VBfinalProject_AdelSliman.vbproj", "{AB6DE056-D298-47DE-AED6-0DDDFB3D3AD2}"
EndProject
Global
	GlobalSection(SolutionConfigurationPlatforms) = preSolution
		Debug|Any CPU = Debug|Any CPU
		Release|Any CPU = Release|Any CPU
	EndGlobalSection
	GlobalSection(ProjectConfigurationPlatforms) = postSolution
		{AB6DE056-D298-47DE-AED6-0DDDFB3D3AD2}.Debug|Any CPU.ActiveCfg = Debug|Any CPU
		{AB6DE056-D298-47DE-AED6-0DDDFB3D3AD2}.Debug|Any CPU.Build.0 = Debug|Any CPU
		{AB6DE056-D298-47DE-AED6-0DDDFB3D3AD2}.Release|Any CPU.ActiveCfg = Release|Any CPU
		{AB6DE056-D298-47DE-AED6-0DDDFB3D3AD2}.Release|Any CPU.Build.0 = Release|Any CPU
	EndGlobalSection
	GlobalSection(SolutionProperties) = preSolution
		HideSolutionNode = FALSE
	EndGlobalSection
	GlobalSection(ExtensibilityGlobals) = postSolution
		SolutionGuid = {D8FAA04D-E80E-4D3E-9172-8FCED8B04E94}
	EndGlobalSection
EndGlobal
